
Microsoft Visual Studio Solution File, Format Version 12.00
# Visual Studio Version 16
VisualStudioVersion = 16.0.31702.278
MinimumVisualStudioVersion = 10.0.40219.1
Project("{FAE04EC0-301F-11D3-BF4B-00C04F79EFBC}") = "WpfApp1", "WpfApp1.csproj", "{34E4A9C3-FC0D-4B71-B05A-0E8DD492E372}"
EndProject
Global
	GlobalSection(SolutionConfigurationPlatforms) = preSolution
		Debug|Any CPU = Debug|Any CPU
		Release|Any CPU = Release|Any CPU
	EndGlobalSection
	GlobalSection(ProjectConfigurationPlatforms) = postSolution
		{34E4A9C3-FC0D-4B71-B05A-0E8DD492E372}.Debug|Any CPU.ActiveCfg = Debug|Any CPU
		{34E4A9C3-FC0D-4B71-B05A-0E8DD492E372}.Debug|Any CPU.Build.0 = Debug|Any CPU
		{34E4A9C3-FC0D-4B71-B05A-0E8DD492E372}.Release|Any CPU.ActiveCfg = Release|Any CPU
		{34E4A9C3-FC0D-4B71-B05A-0E8DD492E372}.Release|Any CPU.Build.0 = Release|Any CPU
	EndGlobalSection
	GlobalSection(SolutionProperties) = preSolution
		HideSolutionNode = FALSE
	EndGlobalSection
	GlobalSection(ExtensibilityGlobals) = postSolution
		SolutionGuid = {69F5EFA3-C588-4E81-AFAF-047C4EC169FE}
	EndGlobalSection
EndGlobal
